
Microsoft Visual Studio Solution File, Format Version 12.00
# Visual Studio 15
VisualStudioVersion = 15.0.27004.2006
MinimumVisualStudioVersion = 10.0.40219.1
Project("{9A19103F-16F7-4668-BE54-9A1E7A4F7556}") = "Gomo.CC.Model", "Gomo.CC.Model\Gomo.CC.Model.csproj", "{C89902A2-6180-49EA-B299-4CFA31C0944A}"
EndProject
Project("{2150E333-8FDC-42A3-9474-1A3956D46DE8}") = "Model", "Model", "{8EA925DF-B0FC-4615-9AA1-C0C819A4D6E6}"
EndProject
Project("{9A19103F-16F7-4668-BE54-9A1E7A4F7556}") = "Gomo.CC.EFDAL", "Gomo.CC.EFDal\Gomo.CC.EFDAL.csproj", "{3D9AFCA3-853C-4E28-80A9-F27F3A4546E9}"
EndProject
Project("{9A19103F-16F7-4668-BE54-9A1E7A4F7556}") = "Gomo.CC.IDAL", "Gomo.CC.IDAL\Gomo.CC.IDAL.csproj", "{F9A3279E-FF08-41D2-8C3F-1228AB13B5E0}"
EndProject
Project("{2150E333-8FDC-42A3-9474-1A3956D46DE8}") = "DAL", "DAL", "{FD4EF797-A9C5-4E24-ADDD-BDDC81F6BDBE}"
EndProject
Project("{9A19103F-16F7-4668-BE54-9A1E7A4F7556}") = "Gomo.CC.IBLL", "Gomo.CC.IBLL\Gomo.CC.IBLL.csproj", "{96AB95BF-6BCF-4C1C-BF97-5B9A52821B3F}"
EndProject
Project("{9A19103F-16F7-4668-BE54-9A1E7A4F7556}") = "Gomo.CC.BLL", "Gomo.CC.BLL\Gomo.CC.BLL.csproj", "{2054C6D7-C9E1-410D-9D2E-5279FB64496E}"
EndProject
Project("{9A19103F-16F7-4668-BE54-9A1E7A4F7556}") = "Gomo.CC.UI.Portal", "Gomo.CC.UI.Portal\Gomo.CC.UI.Portal.csproj", "{ECE58A43-8ADC-4220-ACCD-D9DEEAB695AE}"
EndProject
Project("{2150E333-8FDC-42A3-9474-1A3956D46DE8}") = "BLL", "BLL", "{6F5E9F09-F9CF-4845-9AC0-19A1296E4F8F}"
EndProject
Project("{9A19103F-16F7-4668-BE54-9A1E7A4F7556}") = "Gomo.CC.Common", "Gomo.CC.Common\Gomo.CC.Common.csproj", "{56955421-48FD-43A0-AA81-19997D585F28}"
EndProject
Project("{2150E333-8FDC-42A3-9474-1A3956D46DE8}") = "Common", "Common", "{04B5BDCD-2CA2-4746-8E71-5FA2D4EC6CCB}"
EndProject
Project("{FAE04EC0-301F-11D3-BF4B-00C04F79EFBC}") = "Gomo.CC.DIModule", "Gomo.CC.DI\Gomo.CC.DIModule.csproj", "{7B8000DB-9B5B-4EAE-A746-60228A89C265}"
EndProject
Global
	GlobalSection(SolutionConfigurationPlatforms) = preSolution
		Debug|Any CPU = Debug|Any CPU
		Release|Any CPU = Release|Any CPU
	EndGlobalSection
	GlobalSection(ProjectConfigurationPlatforms) = postSolution
		{C89902A2-6180-49EA-B299-4CFA31C0944A}.Debug|Any CPU.ActiveCfg = Debug|Any CPU
		{C89902A2-6180-49EA-B299-4CFA31C0944A}.Debug|Any CPU.Build.0 = Debug|Any CPU
		{C89902A2-6180-49EA-B299-4CFA31C0944A}.Release|Any CPU.ActiveCfg = Release|Any CPU
		{C89902A2-6180-49EA-B299-4CFA31C0944A}.Release|Any CPU.Build.0 = Release|Any CPU
		{3D9AFCA3-853C-4E28-80A9-F27F3A4546E9}.Debug|Any CPU.ActiveCfg = Debug|Any CPU
		{3D9AFCA3-853C-4E28-80A9-F27F3A4546E9}.Debug|Any CPU.Build.0 = Debug|Any CPU
		{3D9AFCA3-853C-4E28-80A9-F27F3A4546E9}.Release|Any CPU.ActiveCfg = Release|Any CPU
		{3D9AFCA3-853C-4E28-80A9-F27F3A4546E9}.Release|Any CPU.Build.0 = Release|Any CPU
		{F9A3279E-FF08-41D2-8C3F-1228AB13B5E0}.Debug|Any CPU.ActiveCfg = Debug|Any CPU
		{F9A3279E-FF08-41D2-8C3F-1228AB13B5E0}.Debug|Any CPU.Build.0 = Debug|Any CPU
		{F9A3279E-FF08-41D2-8C3F-1228AB13B5E0}.Release|Any CPU.ActiveCfg = Release|Any CPU
		{F9A3279E-FF08-41D2-8C3F-1228AB13B5E0}.Release|Any CPU.Build.0 = Release|Any CPU
		{96AB95BF-6BCF-4C1C-BF97-5B9A52821B3F}.Debug|Any CPU.ActiveCfg = Debug|Any CPU
		{96AB95BF-6BCF-4C1C-BF97-5B9A52821B3F}.Debug|Any CPU.Build.0 = Debug|Any CPU
		{96AB95BF-6BCF-4C1C-BF97-5B9A52821B3F}.Release|Any CPU.ActiveCfg = Release|Any CPU
		{96AB95BF-6BCF-4C1C-BF97-5B9A52821B3F}.Release|Any CPU.Build.0 = Release|Any CPU
		{2054C6D7-C9E1-410D-9D2E-5279FB64496E}.Debug|Any CPU.ActiveCfg = Debug|Any CPU
		{2054C6D7-C9E1-410D-9D2E-5279FB64496E}.Debug|Any CPU.Build.0 = Debug|Any CPU
		{2054C6D7-C9E1-410D-9D2E-5279FB64496E}.Release|Any CPU.ActiveCfg = Release|Any CPU
		{2054C6D7-C9E1-410D-9D2E-5279FB64496E}.Release|Any CPU.Build.0 = Release|Any CPU
		{ECE58A43-8ADC-4220-ACCD-D9DEEAB695AE}.Debug|Any CPU.ActiveCfg = Debug|Any CPU
		{ECE58A43-8ADC-4220-ACCD-D9DEEAB695AE}.Debug|Any CPU.Build.0 = Debug|Any CPU
		{ECE58A43-8ADC-4220-ACCD-D9DEEAB695AE}.Release|Any CPU.ActiveCfg = Release|Any CPU
		{ECE58A43-8ADC-4220-ACCD-D9DEEAB695AE}.Release|Any CPU.Build.0 = Release|Any CPU
		{56955421-48FD-43A0-AA81-19997D585F28}.Debug|Any CPU.ActiveCfg = Debug|Any CPU
		{56955421-48FD-43A0-AA81-19997D585F28}.Debug|Any CPU.Build.0 = Debug|Any CPU
		{56955421-48FD-43A0-AA81-19997D585F28}.Release|Any CPU.ActiveCfg = Release|Any CPU
		{56955421-48FD-43A0-AA81-19997D585F28}.Release|Any CPU.Build.0 = Release|Any CPU
		{7B8000DB-9B5B-4EAE-A746-60228A89C265}.Debug|Any CPU.ActiveCfg = Debug|Any CPU
		{7B8000DB-9B5B-4EAE-A746-60228A89C265}.Debug|Any CPU.Build.0 = Debug|Any CPU
		{7B8000DB-9B5B-4EAE-A746-60228A89C265}.Release|Any CPU.ActiveCfg = Release|Any CPU
		{7B8000DB-9B5B-4EAE-A746-60228A89C265}.Release|Any CPU.Build.0 = Release|Any CPU
	EndGlobalSection
	GlobalSection(SolutionProperties) = preSolution
		HideSolutionNode = FALSE
	EndGlobalSection
	GlobalSection(NestedProjects) = preSolution
		{C89902A2-6180-49EA-B299-4CFA31C0944A} = {8EA925DF-B0FC-4615-9AA1-C0C819A4D6E6}
		{3D9AFCA3-853C-4E28-80A9-F27F3A4546E9} = {FD4EF797-A9C5-4E24-ADDD-BDDC81F6BDBE}
		{F9A3279E-FF08-41D2-8C3F-1228AB13B5E0} = {FD4EF797-A9C5-4E24-ADDD-BDDC81F6BDBE}
		{96AB95BF-6BCF-4C1C-BF97-5B9A52821B3F} = {6F5E9F09-F9CF-4845-9AC0-19A1296E4F8F}
		{2054C6D7-C9E1-410D-9D2E-5279FB64496E} = {6F5E9F09-F9CF-4845-9AC0-19A1296E4F8F}
		{56955421-48FD-43A0-AA81-19997D585F28} = {04B5BDCD-2CA2-4746-8E71-5FA2D4EC6CCB}
	EndGlobalSection
	GlobalSection(ExtensibilityGlobals) = postSolution
		SolutionGuid = {5DB107D0-A147-4C80-91F3-EC7D28D81AB3}
	EndGlobalSection
EndGlobal
